github.com/paul-at-nangalan/csv-stuff v0.0.0-20211129073146-4a99723f8d7c h1:4w6yyO4lA7hTjsYbGhxluy0IrDp0Y9Mr9qSHYrqpIs4=
github.com/paul-at-nangalan/csv-stuff v0.0.0-20211129073146-4a99723f8d7c/go.mod h1:G8Q8laRU4/NJCdrhWaVR2+W3hEb53aA2HZd6OF/AfyY=
github.com/paul-at-nangalan/csv-stuff v0.0.0-20211129080235-4ab4acf7b8a3 h1:sx3onYjpz7bOfOpgbVMZrk/LpSXvG3mvICaOf4P6lOo=
github.com/paul-at-nangalan/csv-stuff v0.0.0-20211129080235-4ab4acf7b8a3/go.mod h1:G8Q8laRU4/NJCdrhWaVR2+W3hEb53aA2HZd6OF/AfyY=
github.com/paul-at-nangalan/csv-stuff v0.0.0-20211129112014-9d26b05eb3b7 h1:aXhxzgAVPBR1IsqT/ZkIGKahDL+fLGvuB1BqoAUb2ZY=
github.com/paul-at-nangalan/csv-stuff v0.0.0-20211129112014-9d26b05eb3b7/go.mod h1:G8Q8laRU4/NJCdrhWaVR2+W3hEb53aA2HZd6OF/AfyY=
github.com/paul-at-nangalan/csv-stuff v0.0.0-20211129113019-757afdc8c164 h1:WdtdZaW90Z1z7rmJaIxCDlq41qYm1PrCSBjJpsz77Jg=
github.com/paul-at-nangalan/csv-stuff v0.0.0-20211129113019-757afdc8c164/go.mod h1:G8Q8laRU4/NJCdrhWaVR2+W3hEb53aA2HZd6OF/AfyY=
github.com/paul-at-nangalan/json-config v0.0.0-20210525054146-58797ba49d12 h1:rIVAD4+siRKqmAljVRQhcE/TKVU6pnl4Se4NMW/wW4s=
github.com/paul-at-nangalan/json-config v0.0.0-20210525054146-58797ba49d12/go.mod h1:7nMunP92vBn33Wq5QLSBJmvK85/vkyOszO0xxl6eArE=
